// !$*UTF8*$!
{
	archiveVersion = 1;
	classes = {
	};
	objectVersion = 50;
	objects = {

/* Begin PBXBuildFile section */
		A1562CFB25A697B900B16AB7 /* AppDelegate.swift in Sources */ = {isa = PBXBuildFile; fileRef = A1562CFA25A697B900B16AB7 /* AppDelegate.swift */; };
		A1562CFD25A697BA00B16AB7 /* SceneDelegate.swift in Sources */ = {isa = PBXBuildFile; fileRef = A1562CFC25A697BA00B16AB7 /* SceneDelegate.swift */; };
		A1562CFF25A697BA00B16AB7 /* ViewController.swift in Sources */ = {isa = PBXBuildFile; fileRef = A1562CFE25A697BA00B16AB7 /* ViewController.swift */; };
		A1562D0225A697BA00B16AB7 /* Main.storyboard in Resources */ = {isa = PBXBuildFile; fileRef = A1562D0025A697BA00B16AB7 /* Main.storyboard */; };
		A1562D0425A697BD00B16AB7 /* Assets.xcassets in Resources */ = {isa = PBXBuildFile; fileRef = A1562D0325A697BD00B16AB7 /* Assets.xcassets */; };
		A1562D0725A697BD00B16AB7 /* LaunchScreen.storyboard in Resources */ = {isa = PBXBuildFile; fileRef = A1562D0525A697BD00B16AB7 /* LaunchScreen.storyboard */; };
		A1562D1225A697BD00B16AB7 /* ProjectTests.swift in Sources */ = {isa = PBXBuildFile; fileRef = A1562D1125A697BD00B16AB7 /* ProjectTests.swift */; };
		A1562D1D25A697BD00B16AB7 /* ProjectUITests.swift in Sources */ = {isa = PBXBuildFile; fileRef = A1562D1C25A697BD00B16AB7 /* ProjectUITests.swift */; };
/* End PBXBuildFile section */

/* Begin PBXContainerItemProxy section */
		A1562D0E25A697BD00B16AB7 /* PBXContainerItemProxy */ = {
			isa = PBXContainerItemProxy;
			containerPortal = A1562CEF25A697B900B16AB7 /* Project object */;
			proxyType = 1;
			remoteGlobalIDString = A1562CF625A697B900B16AB7;
			remoteInfo = Project;
		};
		A1562D1925A697BD00B16AB7 /* PBXContainerItemProxy */ = {
			isa = PBXContainerItemProxy;
			containerPortal = A1562CEF25A697B900B16AB7 /* Project object */;
			proxyType = 1;
			remoteGlobalIDString = A1562CF625A697B900B16AB7;
			remoteInfo = Project;
		};
/* End PBXContainerItemProxy section */

/* Begin PBXFileReference section */
		A1562CF725A697B900B16AB7 /* Project.app */ = {isa = PBXFileReference; explicitFileType = wrapper.application; includeInIndex = 0; path = Project.app; sourceTree = BUILT_PRODUCTS_DIR; };
		A1562CFA25A697B900B16AB7 /* AppDelegate.swift */ = {isa = PBXFileReference; lastKnownFileType = sourcecode.swift; path = AppDelegate.swift; sourceTree = "<group>"; };
		A1562CFC25A697BA00B16AB7 /* SceneDelegate.swift */ = {isa = PBXFileReference; lastKnownFileType = sourcecode.swift; path = SceneDelegate.swift; sourceTree = "<group>"; };
		A1562CFE25A697BA00B16AB7 /* ViewController.swift */ = {isa = PBXFileReference; lastKnownFileType = sourcecode.swift; path = ViewController.swift; sourceTree = "<group>"; };
		A1562D0125A697BA00B16AB7 /* Base */ = {isa = PBXFileReference; lastKnownFileType = file.storyboard; name = Base; path = Base.lproj/Main.storyboard; sourceTree = "<group>"; };
		A1562D0325A697BD00B16AB7 /* Assets.xcassets */ = {isa = PBXFileReference; lastKnownFileType = folder.assetcatalog; path = Assets.xcassets; sourceTree = "<group>"; };
		A1562D0625A697BD00B16AB7 /* Base */ = {isa = PBXFileReference; lastKnownFileType = file.storyboard; name = Base; path = Base.lproj/LaunchScreen.storyboard; sourceTree = "<group>"; };
		A1562D0825A697BD00B16AB7 /* Info.plist */ = {isa = PBXFileReference; lastKnownFileType = text.plist.xml; path = Info.plist; sourceTree = "<group>"; };
		A1562D0D25A697BD00B16AB7 /* ProjectTests.xctest */ = {isa = PBXFileReference; explicitFileType = wrapper.cfbundle; includeInIndex = 0; path = ProjectTests.xctest; sourceTree = BUILT_PRODUCTS_DIR; };
		A1562D1125A697BD00B16AB7 /* ProjectTests.swift */ = {isa = PBXFileReference; lastKnownFileType = sourcecode.swift; path = ProjectTests.swift; sourceTree = "<group>"; };
		A1562D1325A697BD00B16AB7 /* Info.plist */ = {isa = PBXFileReference; lastKnownFileType = text.plist.xml; path = Info.plist; sourceTree = "<group>"; };
		A1562D1825A697BD00B16AB7 /* ProjectUITests.xctest */ = {isa = PBXFileReference; explicitFileType = wrapper.cfbundle; includeInIndex = 0; path = ProjectUITests.xctest; sourceTree = BUILT_PRODUCTS_DIR; };
		A1562D1C25A697BD00B16AB7 /* ProjectUITests.swift */ = {isa = PBXFileReference; lastKnownFileType = sourcecode.swift; path = ProjectUITests.swift; sourceTree = "<group>"; };
		A1562D1E25A697BD00B16AB7 /* Info.plist */ = {isa = PBXFileReference; lastKnownFileType = text.plist.xml; path = Info.plist; sourceTree = "<group>"; };
/* End PBXFileReference section */

/* Begin PBXFrameworksBuildPhase section */
		A1562CF425A697B900B16AB7 /* Frameworks */ = {
			isa = PBXFrameworksBuildPhase;
			buildActionMask = 2147483647;
			files = (
			);
			runOnlyForDeploymentPostprocessing = 0;
		};
		A1562D0A25A697BD00B16AB7 /* Frameworks */ = {
			isa = PBXFrameworksBuildPhase;
			buildActionMask = 2147483647;
			files = (
			);
			runOnlyForDeploymentPostprocessing = 0;
		};
		A1562D1525A697BD00B16AB7 /* Frameworks */ = {
			isa = PBXFrameworksBuildPhase;
			buildActionMask = 2147483647;
			files = (
			);
			runOnlyForDeploymentPostprocessing = 0;
		};
/* End PBXFrameworksBuildPhase section */

/* Begin PBXGroup section */
		A1562CEE25A697B900B16AB7 = {
			isa = PBXGroup;
			children = (
				A1562CF925A697B900B16AB7 /* Project */,
				A1562D1025A697BD00B16AB7 /* ProjectTests */,
				A1562D1B25A697BD00B16AB7 /* ProjectUITests */,
				A1562CF825A697B900B16AB7 /* Products */,
			);
			sourceTree = "<group>";
		};
		A1562CF825A697B900B16AB7 /* Products */ = {
			isa = PBXGroup;
			children = (
				A1562CF725A697B900B16AB7 /* Project.app */,
				A1562D0D25A697BD00B16AB7 /* ProjectTests.xctest */,
				A1562D1825A697BD00B16AB7 /* ProjectUITests.xctest */,
			);
			name = Products;
			sourceTree = "<group>";
		};
		A1562CF925A697B900B16AB7 /* Project */ = {
			isa = PBXGroup;
			children = (
				A1562CFA25A697B900B16AB7 /* AppDelegate.swift */,
				A1562CFC25A697BA00B16AB7 /* SceneDelegate.swift */,
				A1562CFE25A697BA00B16AB7 /* ViewController.swift */,
				A1562D0025A697BA00B16AB7 /* Main.storyboard */,
				A1562D0325A697BD00B16AB7 /* Assets.xcassets */,
				A1562D0525A697BD00B16AB7 /* LaunchScreen.storyboard */,
				A1562D0825A697BD00B16AB7 /* Info.plist */,
			);
			path = Project;
			sourceTree = "<group>";
		};
		A1562D1025A697BD00B16AB7 /* ProjectTests */ = {
			isa = PBXGroup;
			children = (
				A1562D1125A697BD00B16AB7 /* ProjectTests.swift */,
				A1562D1325A697BD00B16AB7 /* Info.plist */,
			);
			path = ProjectTests;
			sourceTree = "<group>";
		};
		A1562D1B25A697BD00B16AB7 /* ProjectUITests */ = {
			isa = PBXGroup;
			children = (
				A1562D1C25A697BD00B16AB7 /* ProjectUITests.swift */,
				A1562D1E25A697BD00B16AB7 /* Info.plist */,
			);
			path = ProjectUITests;
			sourceTree = "<group>";
		};
/* End PBXGroup section */

/* Begin PBXNativeTarget section */
		A1562CF625A697B900B16AB7 /* Project */ = {
			isa = PBXNativeTarget;
			buildConfigurationList = A1562D2125A697BD00B16AB7 /* Build configuration list for PBXNativeTarget "Project" */;
			buildPhases = (
				A1562CF325A697B900B16AB7 /* Sources */,
				A1562CF425A697B900B16AB7 /* Frameworks */,
				A1562CF525A697B900B16AB7 /* Resources */,
			);
			buildRules = (
			);
			dependencies = (
			);
			name = Project;
			productName = Project;
			productReference = A1562CF725A697B900B16AB7 /* Project.app */;
			productType = "com.apple.product-type.application";
		};
		A1562D0C25A697BD00B16AB7 /* ProjectTests */ = {
			isa = PBXNativeTarget;
			buildConfigurationList = A1562D2425A697BD00B16AB7 /* Build configuration list for PBXNativeTarget "ProjectTests" */;
			buildPhases = (
				A1562D0925A697BD00B16AB7 /* Sources */,
				A1562D0A25A697BD00B16AB7 /* Frameworks */,
				A1562D0B25A697BD00B16AB7 /* Resources */,
			);
			buildRules = (
			);
			dependencies = (
				A1562D0F25A697BD00B16AB7 /* PBXTargetDependency */,
			);
			name = ProjectTests;
			productName = ProjectTests;
			productReference = A1562D0D25A697BD00B16AB7 /* ProjectTests.xctest */;
			productType = "com.apple.product-type.bundle.unit-test";
		};
		A1562D1725A697BD00B16AB7 /* ProjectUITests */ = {
			isa = PBXNativeTarget;
			buildConfigurationList = A1562D2725A697BD00B16AB7 /* Build configuration list for PBXNativeTarget "ProjectUITests" */;
			buildPhases = (
				A1562D1425A697BD00B16AB7 /* Sources */,
				A1562D1525A697BD00B16AB7 /* Frameworks */,
				A1562D1625A697BD00B16AB7 /* Resources */,
			);
			buildRules = (
			);
			dependencies = (
				A1562D1A25A697BD00B16AB7 /* PBXTargetDependency */,
			);
			name = ProjectUITests;
			productName = ProjectUITests;
			productReference = A1562D1825A697BD00B16AB7 /* ProjectUITests.xctest */;
			productType = "com.apple.product-type.bundle.ui-testing";
		};
/* End PBXNativeTarget section */

/* Begin PBXProject section */
		A1562CEF25A697B900B16AB7 /* Project object */ = {
			isa = PBXProject;
			attributes = {
				LastSwiftUpdateCheck = 1220;
				LastUpgradeCheck = 1220;
				TargetAttributes = {
					A1562CF625A697B900B16AB7 = {
						CreatedOnToolsVersion = 12.2;
					};
					A1562D0C25A697BD00B16AB7 = {
						CreatedOnToolsVersion = 12.2;
						TestTargetID = A1562CF625A697B900B16AB7;
					};
					A1562D1725A697BD00B16AB7 = {
						CreatedOnToolsVersion = 12.2;
						TestTargetID = A1562CF625A697B900B16AB7;
					};
				};
			};
			buildConfigurationList = A1562CF225A697B900B16AB7 /* Build configuration list for PBXProject "Project" */;
			compatibilityVersion = "Xcode 9.3";
			developmentRegion = en;
			hasScannedForEncodings = 0;
			knownRegions = (
				en,
				Base,
			);
			mainGroup = A1562CEE25A697B900B16AB7;
			productRefGroup = A1562CF825A697B900B16AB7 /* Products */;
			projectDirPath = "";
			projectRoot = "";
			targets = (
				A1562CF625A697B900B16AB7 /* Project */,
				A1562D0C25A697BD00B16AB7 /* ProjectTests */,
				A1562D1725A697BD00B16AB7 /* ProjectUITests */,
			);
		};
/* End PBXProject section */

/* Begin PBXResourcesBuildPhase section */
		A1562CF525A697B900B16AB7 /* Resources */ = {
			isa = PBXResourcesBuildPhase;
			buildActionMask = 2147483647;
			files = (
				A1562D0725A697BD00B16AB7 /* LaunchScreen.storyboard in Resources */,
				A1562D0425A697BD00B16AB7 /* Assets.xcassets in Resources */,
				A1562D0225A697BA00B16AB7 /* Main.storyboard in Resources */,
			);
			runOnlyForDeploymentPostprocessing = 0;
		};
		A1562D0B25A697BD00B16AB7 /* Resources */ = {
			isa = PBXResourcesBuildPhase;
			buildActionMask = 2147483647;
			files = (
			);
			runOnlyForDeploymentPostprocessing = 0;
		};
		A1562D1625A697BD00B16AB7 /* Resources */ = {
			isa = PBXResourcesBuildPhase;
			buildActionMask = 2147483647;
			files = (
			);
			runOnlyForDeploymentPostprocessing = 0;
		};
/* End PBXResourcesBuildPhase section */

/* Begin PBXSourcesBuildPhase section */
		A1562CF325A697B900B16AB7 /* Sources */ = {
			isa = PBXSourcesBuildPhase;
			buildActionMask = 2147483647;
			files = (
				A1562CFF25A697BA00B16AB7 /* ViewController.swift in Sources */,
				A1562CFB25A697B900B16AB7 /* AppDelegate.swift in Sources */,
				A1562CFD25A697BA00B16AB7 /* SceneDelegate.swift in Sources */,
			);
			runOnlyForDeploymentPostprocessing = 0;
		};
		A1562D0925A697BD00B16AB7 /* Sources */ = {
			isa = PBXSourcesBuildPhase;
			buildActionMask = 2147483647;
			files = (
				A1562D1225A697BD00B16AB7 /* ProjectTests.swift in Sources */,
			);
			runOnlyForDeploymentPostprocessing = 0;
		};
		A1562D1425A697BD00B16AB7 /* Sources */ = {
			isa = PBXSourcesBuildPhase;
			buildActionMask = 2147483647;
			files = (
				A1562D1D25A697BD00B16AB7 /* ProjectUITests.swift in Sources */,
			);
			runOnlyForDeploymentPostprocessing = 0;
		};
/* End PBXSourcesBuildPhase section */

/* Begin PBXTargetDependency section */
		A1562D0F25A697BD00B16AB7 /* PBXTargetDependency */ = {
			isa = PBXTargetDependency;
			target = A1562CF625A697B900B16AB7 /* Project */;
			targetProxy = A1562D0E25A697BD00B16AB7 /* PBXContainerItemProxy */;
		};
		A1562D1A25A697BD00B16AB7 /* PBXTargetDependency */ = {
			isa = PBXTargetDependency;
			target = A1562CF625A697B900B16AB7 /* Project */;
			targetProxy = A1562D1925A697BD00B16AB7 /* PBXContainerItemProxy */;
		};
/* End PBXTargetDependency section */

/* Begin PBXVariantGroup section */
		A1562D0025A697BA00B16AB7 /* Main.storyboard */ = {
			isa = PBXVariantGroup;
			children = (
				A1562D0125A697BA00B16AB7 /* Base */,
			);
			name = Main.storyboard;
			sourceTree = "<group>";
		};
		A1562D0525A697BD00B16AB7 /* LaunchScreen.storyboard */ = {
			isa = PBXVariantGroup;
			children = (
				A1562D0625A697BD00B16AB7 /* Base */,
			);
			name = LaunchScreen.storyboard;
			sourceTree = "<group>";
		};
/* End PBXVariantGroup section */

/* Begin XCBuildConfiguration section */
		A1562D1F25A697BD00B16AB7 /* Debug */ = {
			isa = XCBuildConfiguration;
			buildSettings = {
				ALWAYS_SEARCH_USER_PATHS = NO;
				CLANG_ANALYZER_NONNULL = YES;
				CLANG_ANALYZER_NUMBER_OBJECT_CONVERSION = YES_AGGRESSIVE;
				CLANG_CXX_LANGUAGE_STANDARD = "gnu++14";
				CLANG_CXX_LIBRARY = "libc++";
				CLANG_ENABLE_MODULES = YES;
				CLANG_ENABLE_OBJC_ARC = YES;
				CLANG_ENABLE_OBJC_WEAK = YES;
				CLANG_WARN_BLOCK_CAPTURE_AUTORELEASING = YES;
				CLANG_WARN_BOOL_CONVERSION = YES;
				CLANG_WARN_COMMA = YES;
				CLANG_WARN_CONSTANT_CONVERSION = YES;
				CLANG_WARN_DEPRECATED_OBJC_IMPLEMENTATIONS = YES;
				CLANG_WARN_DIRECT_OBJC_ISA_USAGE = YES_ERROR;
				CLANG_WARN_DOCUMENTATION_COMMENTS = YES;
				CLANG_WARN_EMPTY_BODY = YES;
				CLANG_WARN_ENUM_CONVERSION = YES;
				CLANG_WARN_INFINITE_RECURSION = YES;
				CLANG_WARN_INT_CONVERSION = YES;
				CLANG_WARN_NON_LITERAL_NULL_CONVERSION = YES;
				CLANG_WARN_OBJC_IMPLICIT_RETAIN_SELF = YES;
				CLANG_WARN_OBJC_LITERAL_CONVERSION = YES;
				CLANG_WARN_OBJC_ROOT_CLASS = YES_ERROR;
				CLANG_WARN_QUOTED_INCLUDE_IN_FRAMEWORK_HEADER = YES;
				CLANG_WARN_RANGE_LOOP_ANALYSIS = YES;
				CLANG_WARN_STRICT_PROTOTYPES = YES;
				CLANG_WARN_SUSPICIOUS_MOVE = YES;
				CLANG_WARN_UNGUARDED_AVAILABILITY = YES_AGGRESSIVE;
				CLANG_WARN_UNREACHABLE_CODE = YES;
				CLANG_WARN__DUPLICATE_METHOD_MATCH = YES;
				COPY_PHASE_STRIP = NO;
				DEBUG_INFORMATION_FORMAT = dwarf;
				ENABLE_STRICT_OBJC_MSGSEND = YES;
				ENABLE_TESTABILITY = YES;
				GCC_C_LANGUAGE_STANDARD = gnu11;
				GCC_DYNAMIC_NO_PIC = NO;
				GCC_NO_COMMON_BLOCKS = YES;
				GCC_OPTIMIZATION_LEVEL = 0;
				GCC_PREPROCESSOR_DEFINITIONS = (
					"DEBUG=1",
					"$(inherited)",
				);
				GCC_WARN_64_TO_32_BIT_CONVERSION = YES;
				GCC_WARN_ABOUT_RETURN_TYPE = YES_ERROR;
				GCC_WARN_UNDECLARED_SELECTOR = YES;
				GCC_WARN_UNINITIALIZED_AUTOS = YES_AGGRESSIVE;
				GCC_WARN_UNUSED_FUNCTION = YES;
				GCC_WARN_UNUSED_VARIABLE = YES;
				IPHONEOS_DEPLOYMENT_TARGET = 14.2;
				MTL_ENABLE_DEBUG_INFO = INCLUDE_SOURCE;
				MTL_FAST_MATH = YES;
				ONLY_ACTIVE_ARCH = YES;
				SDKROOT = iphoneos;
				SWIFT_ACTIVE_COMPILATION_CONDITIONS = DEBUG;
				SWIFT_OPTIMIZATION_LEVEL = "-Onone";
			};
			name = Debug;
		};
		A1562D2025A697BD00B16AB7 /* Release */ = {
			isa = XCBuildConfiguration;
			buildSettings = {
				ALWAYS_SEARCH_USER_PATHS = NO;
				CLANG_ANALYZER_NONNULL = YES;
				CLANG_ANALYZER_NUMBER_OBJECT_CONVERSION = YES_AGGRESSIVE;
				CLANG_CXX_LANGUAGE_STANDARD = "gnu++14";
				CLANG_CXX_LIBRARY = "libc++";
				CLANG_ENABLE_MODULES = YES;
				CLANG_ENABLE_OBJC_ARC = YES;
				CLANG_ENABLE_OBJC_WEAK = YES;
				CLANG_WARN_BLOCK_CAPTURE_AUTORELEASING = YES;
				CLANG_WARN_BOOL_CONVERSION = YES;
				CLANG_WARN_COMMA = YES;
				CLANG_WARN_CONSTANT_CONVERSION = YES;
				CLANG_WARN_DEPRECATED_OBJC_IMPLEMENTATIONS = YES;
				CLANG_WARN_DIRECT_OBJC_ISA_USAGE = YES_ERROR;
				CLANG_WARN_DOCUMENTATION_COMMENTS = YES;
				CLANG_WARN_EMPTY_BODY = YES;
				CLANG_WARN_ENUM_CONVERSION = YES;
				CLANG_WARN_INFINITE_RECURSION = YES;
				CLANG_WARN_INT_CONVERSION = YES;
				CLANG_WARN_NON_LITERAL_NULL_CONVERSION = YES;
				CLANG_WARN_OBJC_IMPLICIT_RETAIN_SELF = YES;
				CLANG_WARN_OBJC_LITERAL_CONVERSION = YES;
				CLANG_WARN_OBJC_ROOT_CLASS = YES_ERROR;
				CLANG_WARN_QUOTED_INCLUDE_IN_FRAMEWORK_HEADER = YES;
				CLANG_WARN_RANGE_LOOP_ANALYSIS = YES;
				CLANG_WARN_STRICT_PROTOTYPES = YES;
				CLANG_WARN_SUSPICIOUS_MOVE = YES;
				CLANG_WARN_UNGUARDED_AVAILABILITY = YES_AGGRESSIVE;
				CLANG_WARN_UNREACHABLE_CODE = YES;
				CLANG_WARN__DUPLICATE_METHOD_MATCH = YES;
				COPY_PHASE_STRIP = NO;
				DEBUG_INFORMATION_FORMAT = "dwarf-with-dsym";
				ENABLE_NS_ASSERTIONS = NO;
				ENABLE_STRICT_OBJC_MSGSEND = YES;
				GCC_C_LANGUAGE_STANDARD = gnu11;
				GCC_NO_COMMON_BLOCKS = YES;
				GCC_WARN_64_TO_32_BIT_CONVERSION = YES;
				GCC_WARN_ABOUT_RETURN_TYPE = YES_ERROR;
				GCC_WARN_UNDECLARED_SELECTOR = YES;
				GCC_WARN_UNINITIALIZED_AUTOS = YES_AGGRESSIVE;
				GCC_WARN_UNUSED_FUNCTION = YES;
				GCC_WARN_UNUSED_VARIABLE = YES;
				IPHONEOS_DEPLOYMENT_TARGET = 14.2;
				MTL_ENABLE_DEBUG_INFO = NO;
				MTL_FAST_MATH = YES;
				SDKROOT = iphoneos;
				SWIFT_COMPILATION_MODE = wholemodule;
				SWIFT_OPTIMIZATION_LEVEL = "-O";
				VALIDATE_PRODUCT = YES;
			};
			name = Release;
		};
		A1562D2225A697BD00B16AB7 /* Debug */ = {
			isa = XCBuildConfiguration;
			buildSettings = {
				ASSETCATALOG_COMPILER_APPICON_NAME = AppIcon;
				ASSETCATALOG_COMPILER_GLOBAL_ACCENT_COLOR_NAME = AccentColor;
				CODE_SIGN_STYLE = Automatic;
				INFOPLIST_FILE = Project/Info.plist;
				LD_RUNPATH_SEARCH_PATHS = (
					"$(inherited)",
					"@executable_path/Frameworks",
				);
				PRODUCT_BUNDLE_IDENTIFIER = com.Dotulong.Project;
				PRODUCT_NAME = "$(TARGET_NAME)";
				SWIFT_VERSION = 5.0;
				TARGETED_DEVICE_FAMILY = "1,2";
			};
			name = Debug;
		};
		A1562D2325A697BD00B16AB7 /* Release */ = {
			isa = XCBuildConfiguration;
			buildSettings = {
				ASSETCATALOG_COMPILER_APPICON_NAME = AppIcon;
				ASSETCATALOG_COMPILER_GLOBAL_ACCENT_COLOR_NAME = AccentColor;
				CODE_SIGN_STYLE = Automatic;
				INFOPLIST_FILE = Project/Info.plist;
				LD_RUNPATH_SEARCH_PATHS = (
					"$(inherited)",
					"@executable_path/Frameworks",
				);
				PRODUCT_BUNDLE_IDENTIFIER = com.Dotulong.Project;
				PRODUCT_NAME = "$(TARGET_NAME)";
				SWIFT_VERSION = 5.0;
				TARGETED_DEVICE_FAMILY = "1,2";
			};
			name = Release;
		};
		A1562D2525A697BD00B16AB7 /* Debug */ = {
			isa = XCBuildConfiguration;
			buildSettings = {
				ALWAYS_EMBED_SWIFT_STANDARD_LIBRARIES = YES;
				BUNDLE_LOADER = "$(TEST_HOST)";
				CODE_SIGN_STYLE = Automatic;
				INFOPLIST_FILE = ProjectTests/Info.plist;
				IPHONEOS_DEPLOYMENT_TARGET = 14.2;
				LD_RUNPATH_SEARCH_PATHS = (
					"$(inherited)",
					"@executable_path/Frameworks",
					"@loader_path/Frameworks",
				);
				PRODUCT_BUNDLE_IDENTIFIER = com.Dotulong.ProjectTests;
				PRODUCT_NAME = "$(TARGET_NAME)";
				SWIFT_VERSION = 5.0;
				TARGETED_DEVICE_FAMILY = "1,2";
				TEST_HOST = "$(BUILT_PRODUCTS_DIR)/Project.app/Project";
			};
			name = Debug;
		};
		A1562D2625A697BD00B16AB7 /* Release */ = {
			isa = XCBuildConfiguration;
			buildSettings = {
				ALWAYS_EMBED_SWIFT_STANDARD_LIBRARIES = YES;
				BUNDLE_LOADER = "$(TEST_HOST)";
				CODE_SIGN_STYLE = Automatic;
				INFOPLIST_FILE = ProjectTests/Info.plist;
				IPHONEOS_DEPLOYMENT_TARGET = 14.2;
				LD_RUNPATH_SEARCH_PATHS = (
					"$(inherited)",
					"@executable_path/Frameworks",
					"@loader_path/Frameworks",
				);
				PRODUCT_BUNDLE_IDENTIFIER = com.Dotulong.ProjectTests;
				PRODUCT_NAME = "$(TARGET_NAME)";
				SWIFT_VERSION = 5.0;
				TARGETED_DEVICE_FAMILY = "1,2";
				TEST_HOST = "$(BUILT_PRODUCTS_DIR)/Project.app/Project";
			};
			name = Release;
		};
		A1562D2825A697BD00B16AB7 /* Debug */ = {
			isa = XCBuildConfiguration;
			buildSettings = {
				ALWAYS_EMBED_SWIFT_STANDARD_LIBRARIES = YES;
				CODE_SIGN_STYLE = Automatic;
				INFOPLIST_FILE = ProjectUITests/Info.plist;
				LD_RUNPATH_SEARCH_PATHS = (
					"$(inherited)",
					"@executable_path/Frameworks",
					"@loader_path/Frameworks",
				);
				PRODUCT_BUNDLE_IDENTIFIER = com.Dotulong.ProjectUITests;
				PRODUCT_NAME = "$(TARGET_NAME)";
				SWIFT_VERSION = 5.0;
				TARGETED_DEVICE_FAMILY = "1,2";
				TEST_TARGET_NAME = Project;
			};
			name = Debug;
		};
		A1562D2925A697BD00B16AB7 /* Release */ = {
			isa = XCBuildConfiguration;
			buildSettings = {
				ALWAYS_EMBED_SWIFT_STANDARD_LIBRARIES = YES;
				CODE_SIGN_STYLE = Automatic;
				INFOPLIST_FILE = ProjectUITests/Info.plist;
				LD_RUNPATH_SEARCH_PATHS = (
					"$(inherited)",
					"@executable_path/Frameworks",
					"@loader_path/Frameworks",
				);
				PRODUCT_BUNDLE_IDENTIFIER = com.Dotulong.ProjectUITests;
				PRODUCT_NAME = "$(TARGET_NAME)";
				SWIFT_VERSION = 5.0;
				TARGETED_DEVICE_FAMILY = "1,2";
				TEST_TARGET_NAME = Project;
			};
			name = Release;
		};
/* End XCBuildConfiguration section */

/* Begin XCConfigurationList section */
		A1562CF225A697B900B16AB7 /* Build configuration list for PBXProject "Project" */ = {
			isa = XCConfigurationList;
			buildConfigurations = (
				A1562D1F25A697BD00B16AB7 /* Debug */,
				A1562D2025A697BD00B16AB7 /* Release */,
			);
			defaultConfigurationIsVisible = 0;
			defaultConfigurationName = Release;
		};
		A1562D2125A697BD00B16AB7 /* Build configuration list for PBXNativeTarget "Project" */ = {
			isa = XCConfigurationList;
			buildConfigurations = (
				A1562D2225A697BD00B16AB7 /* Debug */,
				A1562D2325A697BD00B16AB7 /* Release */,
			);
			defaultConfigurationIsVisible = 0;
			defaultConfigurationName = Release;
		};
		A1562D2425A697BD00B16AB7 /* Build configuration list for PBXNativeTarget "ProjectTests" */ = {
			isa = XCConfigurationList;
			buildConfigurations = (
				A1562D2525A697BD00B16AB7 /* Debug */,
				A1562D2625A697BD00B16AB7 /* Release */,
			);
			defaultConfigurationIsVisible = 0;
			defaultConfigurationName = Release;
		};
		A1562D2725A697BD00B16AB7 /* Build configuration list for PBXNativeTarget "ProjectUITests" */ = {
			isa = XCConfigurationList;
			buildConfigurations = (
				A1562D2825A697BD00B16AB7 /* Debug */,
				A1562D2925A697BD00B16AB7 /* Release */,
			);
			defaultConfigurationIsVisible = 0;
			defaultConfigurationName = Release;
		};
/* End XCConfigurationList section */
	};
	rootObject = A1562CEF25A697B900B16AB7 /* Project object */;
}
